// !$*UTF8*$!
{
	archiveVersion = 1;
	classes = {
	};
	objectVersion = 55;
	objects = {

/* Begin PBXBuildFile section */
		9F12BBB428EB4030007D655A /* SettingsController.swift in Sources */ = {isa = PBXBuildFile; fileRef = 9F12BBB328EB4030007D655A /* SettingsController.swift */; };
		9F12BBB628EB4064007D655A /* SettingsViewModel.swift in Sources */ = {isa = PBXBuildFile; fileRef = 9F12BBB528EB4064007D655A /* SettingsViewModel.swift */; };
		9F12BBB828EB4075007D655A /* SettingsView.swift in Sources */ = {isa = PBXBuildFile; fileRef = 9F12BBB728EB4075007D655A /* SettingsView.swift */; };
		9F12BBBA28EB5F8E007D655A /* ContactModel.swift in Sources */ = {isa = PBXBuildFile; fileRef = 9F12BBB928EB5F8E007D655A /* ContactModel.swift */; };
		9F45E97528D52A74006F96C0 /* BaseViewModel.swift in Sources */ = {isa = PBXBuildFile; fileRef = 9F45E97428D52A74006F96C0 /* BaseViewModel.swift */; };
		9F45E97728D52ABF006F96C0 /* BaseViewController.swift in Sources */ = {isa = PBXBuildFile; fileRef = 9F45E97628D52ABF006F96C0 /* BaseViewController.swift */; };
		9F45E97928D52ACB006F96C0 /* BaseView.swift in Sources */ = {isa = PBXBuildFile; fileRef = 9F45E97828D52ACB006F96C0 /* BaseView.swift */; };
		9F5AFA0F28E73C3A00F03448 /* ConversationChatCell.swift in Sources */ = {isa = PBXBuildFile; fileRef = 9F5AFA0E28E73C3A00F03448 /* ConversationChatCell.swift */; };
		9F73970228EC7B3100904FC2 /* DatabaseManager.swift in Sources */ = {isa = PBXBuildFile; fileRef = 9F73970128EC7B3100904FC2 /* DatabaseManager.swift */; };
		9F7C2D9628D0B44B00F19628 /* FirebaseMessengerViewModel.swift in Sources */ = {isa = PBXBuildFile; fileRef = 9F7C2D9528D0B44B00F19628 /* FirebaseMessengerViewModel.swift */; };
		9F7C2D9828D0B4A000F19628 /* RegisterViewModel.swift in Sources */ = {isa = PBXBuildFile; fileRef = 9F7C2D9728D0B4A000F19628 /* RegisterViewModel.swift */; };
		9F7C2D9A28D0B4C700F19628 /* LoginViewModel.swift in Sources */ = {isa = PBXBuildFile; fileRef = 9F7C2D9928D0B4C700F19628 /* LoginViewModel.swift */; };
		9F7C2D9C28D0B4DF00F19628 /* ConversationsViewModel.swift in Sources */ = {isa = PBXBuildFile; fileRef = 9F7C2D9B28D0B4DF00F19628 /* ConversationsViewModel.swift */; };
		9FF4FD4C28CB867D009B78B9 /* AppDelegate.swift in Sources */ = {isa = PBXBuildFile; fileRef = 9FF4FD4B28CB867D009B78B9 /* AppDelegate.swift */; };
		9FF4FD4E28CB867D009B78B9 /* SceneDelegate.swift in Sources */ = {isa = PBXBuildFile; fileRef = 9FF4FD4D28CB867D009B78B9 /* SceneDelegate.swift */; };
		9FF4FD5028CB867D009B78B9 /* FirebaseMessengerController.swift in Sources */ = {isa = PBXBuildFile; fileRef = 9FF4FD4F28CB867D009B78B9 /* FirebaseMessengerController.swift */; };
		9FF4FD5328CB867D009B78B9 /* Main.storyboard in Resources */ = {isa = PBXBuildFile; fileRef = 9FF4FD5128CB867D009B78B9 /* Main.storyboard */; };
		9FF4FD5528CB8682009B78B9 /* Assets.xcassets in Resources */ = {isa = PBXBuildFile; fileRef = 9FF4FD5428CB8682009B78B9 /* Assets.xcassets */; };
		9FF4FD5828CB8683009B78B9 /* LaunchScreen.storyboard in Resources */ = {isa = PBXBuildFile; fileRef = 9FF4FD5628CB8683009B78B9 /* LaunchScreen.storyboard */; };
		9FF4FD6328CB8946009B78B9 /* RegisterController.swift in Sources */ = {isa = PBXBuildFile; fileRef = 9FF4FD6228CB8945009B78B9 /* RegisterController.swift */; };
		9FF4FD6528CB8953009B78B9 /* LoginController.swift in Sources */ = {isa = PBXBuildFile; fileRef = 9FF4FD6428CB8953009B78B9 /* LoginController.swift */; };
		9FF4FD6728CB8966009B78B9 /* FirebaseMessengerView.swift in Sources */ = {isa = PBXBuildFile; fileRef = 9FF4FD6628CB8966009B78B9 /* FirebaseMessengerView.swift */; };
		9FF4FD6928CB8974009B78B9 /* RegisterView.swift in Sources */ = {isa = PBXBuildFile; fileRef = 9FF4FD6828CB8974009B78B9 /* RegisterView.swift */; };
		9FF4FD6B28CB8983009B78B9 /* LoginView.swift in Sources */ = {isa = PBXBuildFile; fileRef = 9FF4FD6A28CB8983009B78B9 /* LoginView.swift */; };
		9FF4FD6D28CB8BC0009B78B9 /* GoogleService-Info.plist in Resources */ = {isa = PBXBuildFile; fileRef = 9FF4FD6C28CB8BC0009B78B9 /* GoogleService-Info.plist */; };
		9FF4FD6F28CBAF61009B78B9 /* ConversationsController.swift in Sources */ = {isa = PBXBuildFile; fileRef = 9FF4FD6E28CBAF61009B78B9 /* ConversationsController.swift */; };
		9FF4FD7128CBAF73009B78B9 /* ConversationsView.swift in Sources */ = {isa = PBXBuildFile; fileRef = 9FF4FD7028CBAF73009B78B9 /* ConversationsView.swift */; };
		EC7040E890480A3C9B5CBDC2 /* Pods_FirebaseMessenger.framework in Frameworks */ = {isa = PBXBuildFile; fileRef = 4EF3312027AD18D6C9896801 /* Pods_FirebaseMessenger.framework */; };
/* End PBXBuildFile section */

/* Begin PBXFileReference section */
		340363E3A420AA899E9F165B /* Pods-FirebaseMessenger.release.xcconfig */ = {isa = PBXFileReference; includeInIndex = 1; lastKnownFileType = text.xcconfig; name = "Pods-FirebaseMessenger.release.xcconfig"; path = "Target Support Files/Pods-FirebaseMessenger/Pods-FirebaseMessenger.release.xcconfig"; sourceTree = "<group>"; };
		4EF3312027AD18D6C9896801 /* Pods_FirebaseMessenger.framework */ = {isa = PBXFileReference; explicitFileType = wrapper.framework; includeInIndex = 0; path = Pods_FirebaseMessenger.framework; sourceTree = BUILT_PRODUCTS_DIR; };
		9DC0072AC47368A5609B0C0E /* Pods-FirebaseMessenger.debug.xcconfig */ = {isa = PBXFileReference; includeInIndex = 1; lastKnownFileType = text.xcconfig; name = "Pods-FirebaseMessenger.debug.xcconfig"; path = "Target Support Files/Pods-FirebaseMessenger/Pods-FirebaseMessenger.debug.xcconfig"; sourceTree = "<group>"; };
		9F12BBB328EB4030007D655A /* SettingsController.swift */ = {isa = PBXFileReference; lastKnownFileType = sourcecode.swift; path = SettingsController.swift; sourceTree = "<group>"; };
		9F12BBB528EB4064007D655A /* SettingsViewModel.swift */ = {isa = PBXFileReference; lastKnownFileType = sourcecode.swift; path = SettingsViewModel.swift; sourceTree = "<group>"; };
		9F12BBB728EB4075007D655A /* SettingsView.swift */ = {isa = PBXFileReference; lastKnownFileType = sourcecode.swift; path = SettingsView.swift; sourceTree = "<group>"; };
		9F12BBB928EB5F8E007D655A /* ContactModel.swift */ = {isa = PBXFileReference; lastKnownFileType = sourcecode.swift; path = ContactModel.swift; sourceTree = "<group>"; };
		9F45E97428D52A74006F96C0 /* BaseViewModel.swift */ = {isa = PBXFileReference; lastKnownFileType = sourcecode.swift; path = BaseViewModel.swift; sourceTree = "<group>"; };
		9F45E97628D52ABF006F96C0 /* BaseViewController.swift */ = {isa = PBXFileReference; lastKnownFileType = sourcecode.swift; path = BaseViewController.swift; sourceTree = "<group>"; };
		9F45E97828D52ACB006F96C0 /* BaseView.swift */ = {isa = PBXFileReference; lastKnownFileType = sourcecode.swift; path = BaseView.swift; sourceTree = "<group>"; };
		9F5AFA0E28E73C3A00F03448 /* ConversationChatCell.swift */ = {isa = PBXFileReference; lastKnownFileType = sourcecode.swift; path = ConversationChatCell.swift; sourceTree = "<group>"; };
		9F73970128EC7B3100904FC2 /* DatabaseManager.swift */ = {isa = PBXFileReference; lastKnownFileType = sourcecode.swift; path = DatabaseManager.swift; sourceTree = "<group>"; };
		9F7C2D9528D0B44B00F19628 /* FirebaseMessengerViewModel.swift */ = {isa = PBXFileReference; lastKnownFileType = sourcecode.swift; path = FirebaseMessengerViewModel.swift; sourceTree = "<group>"; };
		9F7C2D9728D0B4A000F19628 /* RegisterViewModel.swift */ = {isa = PBXFileReference; lastKnownFileType = sourcecode.swift; path = RegisterViewModel.swift; sourceTree = "<group>"; };
		9F7C2D9928D0B4C700F19628 /* LoginViewModel.swift */ = {isa = PBXFileReference; lastKnownFileType = sourcecode.swift; path = LoginViewModel.swift; sourceTree = "<group>"; };
		9F7C2D9B28D0B4DF00F19628 /* ConversationsViewModel.swift */ = {isa = PBXFileReference; lastKnownFileType = sourcecode.swift; path = ConversationsViewModel.swift; sourceTree = "<group>"; };
		9FF4FD4828CB867D009B78B9 /* FirebaseMessenger.app */ = {isa = PBXFileReference; explicitFileType = wrapper.application; includeInIndex = 0; path = FirebaseMessenger.app; sourceTree = BUILT_PRODUCTS_DIR; };
		9FF4FD4B28CB867D009B78B9 /* AppDelegate.swift */ = {isa = PBXFileReference; lastKnownFileType = sourcecode.swift; path = AppDelegate.swift; sourceTree = "<group>"; };
		9FF4FD4D28CB867D009B78B9 /* SceneDelegate.swift */ = {isa = PBXFileReference; lastKnownFileType = sourcecode.swift; path = SceneDelegate.swift; sourceTree = "<group>"; };
		9FF4FD4F28CB867D009B78B9 /* FirebaseMessengerController.swift */ = {isa = PBXFileReference; lastKnownFileType = sourcecode.swift; path = FirebaseMessengerController.swift; sourceTree = "<group>"; };
		9FF4FD5228CB867D009B78B9 /* Base */ = {isa = PBXFileReference; lastKnownFileType = file.storyboard; name = Base; path = Base.lproj/Main.storyboard; sourceTree = "<group>"; };
		9FF4FD5428CB8682009B78B9 /* Assets.xcassets */ = {isa = PBXFileReference; lastKnownFileType = folder.assetcatalog; path = Assets.xcassets; sourceTree = "<group>"; };
		9FF4FD5728CB8683009B78B9 /* Base */ = {isa = PBXFileReference; lastKnownFileType = file.storyboard; name = Base; path = Base.lproj/LaunchScreen.storyboard; sourceTree = "<group>"; };
		9FF4FD5928CB8683009B78B9 /* Info.plist */ = {isa = PBXFileReference; lastKnownFileType = text.plist.xml; path = Info.plist; sourceTree = "<group>"; };
		9FF4FD6228CB8945009B78B9 /* RegisterController.swift */ = {isa = PBXFileReference; lastKnownFileType = sourcecode.swift; path = RegisterController.swift; sourceTree = "<group>"; };
		9FF4FD6428CB8953009B78B9 /* LoginController.swift */ = {isa = PBXFileReference; lastKnownFileType = sourcecode.swift; path = LoginController.swift; sourceTree = "<group>"; };
		9FF4FD6628CB8966009B78B9 /* FirebaseMessengerView.swift */ = {isa = PBXFileReference; lastKnownFileType = sourcecode.swift; path = FirebaseMessengerView.swift; sourceTree = "<group>"; };
		9FF4FD6828CB8974009B78B9 /* RegisterView.swift */ = {isa = PBXFileReference; lastKnownFileType = sourcecode.swift; path = RegisterView.swift; sourceTree = "<group>"; };
		9FF4FD6A28CB8983009B78B9 /* LoginView.swift */ = {isa = PBXFileReference; lastKnownFileType = sourcecode.swift; path = LoginView.swift; sourceTree = "<group>"; };
		9FF4FD6C28CB8BC0009B78B9 /* GoogleService-Info.plist */ = {isa = PBXFileReference; fileEncoding = 4; lastKnownFileType = text.plist.xml; path = "GoogleService-Info.plist"; sourceTree = "<group>"; };
		9FF4FD6E28CBAF61009B78B9 /* ConversationsController.swift */ = {isa = PBXFileReference; lastKnownFileType = sourcecode.swift; path = ConversationsController.swift; sourceTree = "<group>"; };
		9FF4FD7028CBAF73009B78B9 /* ConversationsView.swift */ = {isa = PBXFileReference; lastKnownFileType = sourcecode.swift; path = ConversationsView.swift; sourceTree = "<group>"; };
/* End PBXFileReference section */

/* Begin PBXFrameworksBuildPhase section */
		9FF4FD4528CB867D009B78B9 /* Frameworks */ = {
			isa = PBXFrameworksBuildPhase;
			buildActionMask = 2147483647;
			files = (
				EC7040E890480A3C9B5CBDC2 /* Pods_FirebaseMessenger.framework in Frameworks */,
			);
			runOnlyForDeploymentPostprocessing = 0;
		};
/* End PBXFrameworksBuildPhase section */

/* Begin PBXGroup section */
		474EDB8DEC0BDC05C8BEBB9D /* Frameworks */ = {
			isa = PBXGroup;
			children = (
				4EF3312027AD18D6C9896801 /* Pods_FirebaseMessenger.framework */,
			);
			name = Frameworks;
			sourceTree = "<group>";
		};
		768C51EF044BE0BD4A366DA2 /* Pods */ = {
			isa = PBXGroup;
			children = (
				9DC0072AC47368A5609B0C0E /* Pods-FirebaseMessenger.debug.xcconfig */,
				340363E3A420AA899E9F165B /* Pods-FirebaseMessenger.release.xcconfig */,
			);
			path = Pods;
			sourceTree = "<group>";
		};
		9F12BBB228EB4014007D655A /* Settings */ = {
			isa = PBXGroup;
			children = (
				9F12BBB328EB4030007D655A /* SettingsController.swift */,
				9F12BBB528EB4064007D655A /* SettingsViewModel.swift */,
				9F12BBB728EB4075007D655A /* SettingsView.swift */,
			);
			path = Settings;
			sourceTree = "<group>";
		};
		9F12BBBB28EB5F94007D655A /* Model */ = {
			isa = PBXGroup;
			children = (
				9F12BBB928EB5F8E007D655A /* ContactModel.swift */,
			);
			path = Model;
			sourceTree = "<group>";
		};
		9F45E97328D52A53006F96C0 /* BaseView */ = {
			isa = PBXGroup;
			children = (
				9F45E97428D52A74006F96C0 /* BaseViewModel.swift */,
				9F45E97628D52ABF006F96C0 /* BaseViewController.swift */,
				9F45E97828D52ACB006F96C0 /* BaseView.swift */,
			);
			path = BaseView;
			sourceTree = "<group>";
		};
		9F5AFA0D28E73BFB00F03448 /* Cell */ = {
			isa = PBXGroup;
			children = (
				9F5AFA0E28E73C3A00F03448 /* ConversationChatCell.swift */,
			);
			path = Cell;
			sourceTree = "<group>";
		};
		9F73970028EC7B1100904FC2 /* Resources */ = {
			isa = PBXGroup;
			children = (
				9FF4FD4B28CB867D009B78B9 /* AppDelegate.swift */,
				9FF4FD4D28CB867D009B78B9 /* SceneDelegate.swift */,
				9F73970128EC7B3100904FC2 /* DatabaseManager.swift */,
			);
			path = Resources;
			sourceTree = "<group>";
		};
		9F8E2E5B28E5EAA300D65B41 /* Conversation */ = {
			isa = PBXGroup;
			children = (
				9F12BBBB28EB5F94007D655A /* Model */,
				9F5AFA0D28E73BFB00F03448 /* Cell */,
				9F7C2D9B28D0B4DF00F19628 /* ConversationsViewModel.swift */,
				9FF4FD6E28CBAF61009B78B9 /* ConversationsController.swift */,
				9FF4FD7028CBAF73009B78B9 /* ConversationsView.swift */,
			);
			path = Conversation;
			sourceTree = "<group>";
		};
		9FF4FD3F28CB867D009B78B9 = {
			isa = PBXGroup;
			children = (
				9FF4FD4A28CB867D009B78B9 /* FirebaseMessenger */,
				9FF4FD4928CB867D009B78B9 /* Products */,
				768C51EF044BE0BD4A366DA2 /* Pods */,
				474EDB8DEC0BDC05C8BEBB9D /* Frameworks */,
			);
			sourceTree = "<group>";
		};
		9FF4FD4928CB867D009B78B9 /* Products */ = {
			isa = PBXGroup;
			children = (
				9FF4FD4828CB867D009B78B9 /* FirebaseMessenger.app */,
			);
			name = Products;
			sourceTree = "<group>";
		};
		9FF4FD4A28CB867D009B78B9 /* FirebaseMessenger */ = {
			isa = PBXGroup;
			children = (
				9F45E97328D52A53006F96C0 /* BaseView */,
				9F8E2E5B28E5EAA300D65B41 /* Conversation */,
				9FF4FD6128CB88D1009B78B9 /* FirebaseMessenger */,
				9FF4FD6028CB8853009B78B9 /* Login */,
				9FF4FD5F28CB8713009B78B9 /* Register */,
				9F73970028EC7B1100904FC2 /* Resources */,
				9F12BBB228EB4014007D655A /* Settings */,
				9FF4FD5128CB867D009B78B9 /* Main.storyboard */,
				9FF4FD5428CB8682009B78B9 /* Assets.xcassets */,
				9FF4FD5628CB8683009B78B9 /* LaunchScreen.storyboard */,
				9FF4FD5928CB8683009B78B9 /* Info.plist */,
				9FF4FD6C28CB8BC0009B78B9 /* GoogleService-Info.plist */,
			);
			path = FirebaseMessenger;
			sourceTree = "<group>";
		};
		9FF4FD5F28CB8713009B78B9 /* Register */ = {
			isa = PBXGroup;
			children = (
				9F7C2D9728D0B4A000F19628 /* RegisterViewModel.swift */,
				9FF4FD6228CB8945009B78B9 /* RegisterController.swift */,
				9FF4FD6828CB8974009B78B9 /* RegisterView.swift */,
			);
			path = Register;
			sourceTree = "<group>";
		};
		9FF4FD6028CB8853009B78B9 /* Login */ = {
			isa = PBXGroup;
			children = (
				9F7C2D9928D0B4C700F19628 /* LoginViewModel.swift */,
				9FF4FD6428CB8953009B78B9 /* LoginController.swift */,
				9FF4FD6A28CB8983009B78B9 /* LoginView.swift */,
			);
			path = Login;
			sourceTree = "<group>";
		};
		9FF4FD6128CB88D1009B78B9 /* FirebaseMessenger */ = {
			isa = PBXGroup;
			children = (
				9F7C2D9528D0B44B00F19628 /* FirebaseMessengerViewModel.swift */,
				9FF4FD4F28CB867D009B78B9 /* FirebaseMessengerController.swift */,
				9FF4FD6628CB8966009B78B9 /* FirebaseMessengerView.swift */,
			);
			path = FirebaseMessenger;
			sourceTree = "<group>";
		};
/* End PBXGroup section */

/* Begin PBXNativeTarget section */
		9FF4FD4728CB867D009B78B9 /* FirebaseMessenger */ = {
			isa = PBXNativeTarget;
			buildConfigurationList = 9FF4FD5C28CB8683009B78B9 /* Build configuration list for PBXNativeTarget "FirebaseMessenger" */;
			buildPhases = (
				0746B077CBBAFC12E9FD3731 /* [CP] Check Pods Manifest.lock */,
				9FF4FD4428CB867D009B78B9 /* Sources */,
				9FF4FD4528CB867D009B78B9 /* Frameworks */,
				9FF4FD4628CB867D009B78B9 /* Resources */,
				1971068A1835D05E9275A281 /* [CP] Embed Pods Frameworks */,
			);
			buildRules = (
			);
			dependencies = (
			);
			name = FirebaseMessenger;
			productName = FirebaseMessenger;
			productReference = 9FF4FD4828CB867D009B78B9 /* FirebaseMessenger.app */;
			productType = "com.apple.product-type.application";
		};
/* End PBXNativeTarget section */

/* Begin PBXProject section */
		9FF4FD4028CB867D009B78B9 /* Project object */ = {
			isa = PBXProject;
			attributes = {
				BuildIndependentTargetsInParallel = 1;
				LastSwiftUpdateCheck = 1330;
				LastUpgradeCheck = 1330;
				TargetAttributes = {
					9FF4FD4728CB867D009B78B9 = {
						CreatedOnToolsVersion = 13.3.1;
					};
				};
			};
			buildConfigurationList = 9FF4FD4328CB867D009B78B9 /* Build configuration list for PBXProject "FirebaseMessenger" */;
			compatibilityVersion = "Xcode 13.0";
			developmentRegion = en;
			hasScannedForEncodings = 0;
			knownRegions = (
				en,
				Base,
			);
			mainGroup = 9FF4FD3F28CB867D009B78B9;
			productRefGroup = 9FF4FD4928CB867D009B78B9 /* Products */;
			projectDirPath = "";
			projectRoot = "";
			targets = (
				9FF4FD4728CB867D009B78B9 /* FirebaseMessenger */,
			);
		};
/* End PBXProject section */

/* Begin PBXResourcesBuildPhase section */
		9FF4FD4628CB867D009B78B9 /* Resources */ = {
			isa = PBXResourcesBuildPhase;
			buildActionMask = 2147483647;
			files = (
				9FF4FD5828CB8683009B78B9 /* LaunchScreen.storyboard in Resources */,
				9FF4FD5528CB8682009B78B9 /* Assets.xcassets in Resources */,
				9FF4FD6D28CB8BC0009B78B9 /* GoogleService-Info.plist in Resources */,
				9FF4FD5328CB867D009B78B9 /* Main.storyboard in Resources */,
			);
			runOnlyForDeploymentPostprocessing = 0;
		};
/* End PBXResourcesBuildPhase section */

/* Begin PBXShellScriptBuildPhase section */
		0746B077CBBAFC12E9FD3731 /* [CP] Check Pods Manifest.lock */ = {
			isa = PBXShellScriptBuildPhase;
			buildActionMask = 2147483647;
			files = (
			);
			inputFileListPaths = (
			);
			inputPaths = (
				"${PODS_PODFILE_DIR_PATH}/Podfile.lock",
				"${PODS_ROOT}/Manifest.lock",
			);
			name = "[CP] Check Pods Manifest.lock";
			outputFileListPaths = (
			);
			outputPaths = (
				"$(DERIVED_FILE_DIR)/Pods-FirebaseMessenger-checkManifestLockResult.txt",
			);
			runOnlyForDeploymentPostprocessing = 0;
			shellPath = /bin/sh;
			shellScript = "diff \"${PODS_PODFILE_DIR_PATH}/Podfile.lock\" \"${PODS_ROOT}/Manifest.lock\" > /dev/null\nif [ $? != 0 ] ; then\n    # print error to STDERR\n    echo \"error: The sandbox is not in sync with the Podfile.lock. Run 'pod install' or update your CocoaPods installation.\" >&2\n    exit 1\nfi\n# This output is used by Xcode 'outputs' to avoid re-running this script phase.\necho \"SUCCESS\" > \"${SCRIPT_OUTPUT_FILE_0}\"\n";
			showEnvVarsInLog = 0;
		};
		1971068A1835D05E9275A281 /* [CP] Embed Pods Frameworks */ = {
			isa = PBXShellScriptBuildPhase;
			buildActionMask = 2147483647;
			files = (
			);
			inputFileListPaths = (
				"${PODS_ROOT}/Target Support Files/Pods-FirebaseMessenger/Pods-FirebaseMessenger-frameworks-${CONFIGURATION}-input-files.xcfilelist",
			);
			name = "[CP] Embed Pods Frameworks";
			outputFileListPaths = (
				"${PODS_ROOT}/Target Support Files/Pods-FirebaseMessenger/Pods-FirebaseMessenger-frameworks-${CONFIGURATION}-output-files.xcfilelist",
			);
			runOnlyForDeploymentPostprocessing = 0;
			shellPath = /bin/sh;
			shellScript = "\"${PODS_ROOT}/Target Support Files/Pods-FirebaseMessenger/Pods-FirebaseMessenger-frameworks.sh\"\n";
			showEnvVarsInLog = 0;
		};
/* End PBXShellScriptBuildPhase section */

/* Begin PBXSourcesBuildPhase section */
		9FF4FD4428CB867D009B78B9 /* Sources */ = {
			isa = PBXSourcesBuildPhase;
			buildActionMask = 2147483647;
			files = (
				9FF4FD6328CB8946009B78B9 /* RegisterController.swift in Sources */,
				9FF4FD5028CB867D009B78B9 /* FirebaseMessengerController.swift in Sources */,
				9FF4FD4C28CB867D009B78B9 /* AppDelegate.swift in Sources */,
				9F45E97928D52ACB006F96C0 /* BaseView.swift in Sources */,
				9F12BBBA28EB5F8E007D655A /* ContactModel.swift in Sources */,
				9FF4FD7128CBAF73009B78B9 /* ConversationsView.swift in Sources */,
				9FF4FD6928CB8974009B78B9 /* RegisterView.swift in Sources */,
				9FF4FD6728CB8966009B78B9 /* FirebaseMessengerView.swift in Sources */,
				9F73970228EC7B3100904FC2 /* DatabaseManager.swift in Sources */,
				9FF4FD4E28CB867D009B78B9 /* SceneDelegate.swift in Sources */,
				9F5AFA0F28E73C3A00F03448 /* ConversationChatCell.swift in Sources */,
				9F7C2D9828D0B4A000F19628 /* RegisterViewModel.swift in Sources */,
				9F7C2D9A28D0B4C700F19628 /* LoginViewModel.swift in Sources */,
				9F7C2D9C28D0B4DF00F19628 /* ConversationsViewModel.swift in Sources */,
				9FF4FD6B28CB8983009B78B9 /* LoginView.swift in Sources */,
				9F45E97528D52A74006F96C0 /* BaseViewModel.swift in Sources */,
				9FF4FD6F28CBAF61009B78B9 /* ConversationsController.swift in Sources */,
				9F12BBB428EB4030007D655A /* SettingsController.swift in Sources */,
				9F45E97728D52ABF006F96C0 /* BaseViewController.swift in Sources */,
				9F7C2D9628D0B44B00F19628 /* FirebaseMessengerViewModel.swift in Sources */,
				9FF4FD6528CB8953009B78B9 /* LoginController.swift in Sources */,
				9F12BBB628EB4064007D655A /* SettingsViewModel.swift in Sources */,
				9F12BBB828EB4075007D655A /* SettingsView.swift in Sources */,
			);
			runOnlyForDeploymentPostprocessing = 0;
		};
/* End PBXSourcesBuildPhase section */

/* Begin PBXVariantGroup section */
		9FF4FD5128CB867D009B78B9 /* Main.storyboard */ = {
			isa = PBXVariantGroup;
			children = (
				9FF4FD5228CB867D009B78B9 /* Base */,
			);
			name = Main.storyboard;
			sourceTree = "<group>";
		};
		9FF4FD5628CB8683009B78B9 /* LaunchScreen.storyboard */ = {
			isa = PBXVariantGroup;
			children = (
				9FF4FD5728CB8683009B78B9 /* Base */,
			);
			name = LaunchScreen.storyboard;
			sourceTree = "<group>";
		};
/* End PBXVariantGroup section */

/* Begin XCBuildConfiguration section */
		9FF4FD5A28CB8683009B78B9 /* Debug */ = {
			isa = XCBuildConfiguration;
			buildSettings = {
				ALWAYS_SEARCH_USER_PATHS = NO;
				CLANG_ANALYZER_NONNULL = YES;
				CLANG_ANALYZER_NUMBER_OBJECT_CONVERSION = YES_AGGRESSIVE;
				CLANG_CXX_LANGUAGE_STANDARD = "gnu++17";
				CLANG_ENABLE_MODULES = YES;
				CLANG_ENABLE_OBJC_ARC = YES;
				CLANG_ENABLE_OBJC_WEAK = YES;
				CLANG_WARN_BLOCK_CAPTURE_AUTORELEASING = YES;
				CLANG_WARN_BOOL_CONVERSION = YES;
				CLANG_WARN_COMMA = YES;
				CLANG_WARN_CONSTANT_CONVERSION = YES;
				CLANG_WARN_DEPRECATED_OBJC_IMPLEMENTATIONS = YES;
				CLANG_WARN_DIRECT_OBJC_ISA_USAGE = YES_ERROR;
				CLANG_WARN_DOCUMENTATION_COMMENTS = YES;
				CLANG_WARN_EMPTY_BODY = YES;
				CLANG_WARN_ENUM_CONVERSION = YES;
				CLANG_WARN_INFINITE_RECURSION = YES;
				CLANG_WARN_INT_CONVERSION = YES;
				CLANG_WARN_NON_LITERAL_NULL_CONVERSION = YES;
				CLANG_WARN_OBJC_IMPLICIT_RETAIN_SELF = YES;
				CLANG_WARN_OBJC_LITERAL_CONVERSION = YES;
				CLANG_WARN_OBJC_ROOT_CLASS = YES_ERROR;
				CLANG_WARN_QUOTED_INCLUDE_IN_FRAMEWORK_HEADER = YES;
				CLANG_WARN_RANGE_LOOP_ANALYSIS = YES;
				CLANG_WARN_STRICT_PROTOTYPES = YES;
				CLANG_WARN_SUSPICIOUS_MOVE = YES;
				CLANG_WARN_UNGUARDED_AVAILABILITY = YES_AGGRESSIVE;
				CLANG_WARN_UNREACHABLE_CODE = YES;
				CLANG_WARN__DUPLICATE_METHOD_MATCH = YES;
				COPY_PHASE_STRIP = NO;
				DEBUG_INFORMATION_FORMAT = dwarf;
				ENABLE_STRICT_OBJC_MSGSEND = YES;
				ENABLE_TESTABILITY = YES;
				GCC_C_LANGUAGE_STANDARD = gnu11;
				GCC_DYNAMIC_NO_PIC = NO;
				GCC_NO_COMMON_BLOCKS = YES;
				GCC_OPTIMIZATION_LEVEL = 0;
				GCC_PREPROCESSOR_DEFINITIONS = (
					"DEBUG=1",
					"$(inherited)",
				);
				GCC_WARN_64_TO_32_BIT_CONVERSION = YES;
				GCC_WARN_ABOUT_RETURN_TYPE = YES_ERROR;
				GCC_WARN_UNDECLARED_SELECTOR = YES;
				GCC_WARN_UNINITIALIZED_AUTOS = YES_AGGRESSIVE;
				GCC_WARN_UNUSED_FUNCTION = YES;
				GCC_WARN_UNUSED_VARIABLE = YES;
				IPHONEOS_DEPLOYMENT_TARGET = 15.4;
				MTL_ENABLE_DEBUG_INFO = INCLUDE_SOURCE;
				MTL_FAST_MATH = YES;
				ONLY_ACTIVE_ARCH = YES;
				SDKROOT = iphoneos;
				SWIFT_ACTIVE_COMPILATION_CONDITIONS = DEBUG;
				SWIFT_OPTIMIZATION_LEVEL = "-Onone";
			};
			name = Debug;
		};
		9FF4FD5B28CB8683009B78B9 /* Release */ = {
			isa = XCBuildConfiguration;
			buildSettings = {
				ALWAYS_SEARCH_USER_PATHS = NO;
				CLANG_ANALYZER_NONNULL = YES;
				CLANG_ANALYZER_NUMBER_OBJECT_CONVERSION = YES_AGGRESSIVE;
				CLANG_CXX_LANGUAGE_STANDARD = "gnu++17";
				CLANG_ENABLE_MODULES = YES;
				CLANG_ENABLE_OBJC_ARC = YES;
				CLANG_ENABLE_OBJC_WEAK = YES;
				CLANG_WARN_BLOCK_CAPTURE_AUTORELEASING = YES;
				CLANG_WARN_BOOL_CONVERSION = YES;
				CLANG_WARN_COMMA = YES;
				CLANG_WARN_CONSTANT_CONVERSION = YES;
				CLANG_WARN_DEPRECATED_OBJC_IMPLEMENTATIONS = YES;
				CLANG_WARN_DIRECT_OBJC_ISA_USAGE = YES_ERROR;
				CLANG_WARN_DOCUMENTATION_COMMENTS = YES;
				CLANG_WARN_EMPTY_BODY = YES;
				CLANG_WARN_ENUM_CONVERSION = YES;
				CLANG_WARN_INFINITE_RECURSION = YES;
				CLANG_WARN_INT_CONVERSION = YES;
				CLANG_WARN_NON_LITERAL_NULL_CONVERSION = YES;
				CLANG_WARN_OBJC_IMPLICIT_RETAIN_SELF = YES;
				CLANG_WARN_OBJC_LITERAL_CONVERSION = YES;
				CLANG_WARN_OBJC_ROOT_CLASS = YES_ERROR;
				CLANG_WARN_QUOTED_INCLUDE_IN_FRAMEWORK_HEADER = YES;
				CLANG_WARN_RANGE_LOOP_ANALYSIS = YES;
				CLANG_WARN_STRICT_PROTOTYPES = YES;
				CLANG_WARN_SUSPICIOUS_MOVE = YES;
				CLANG_WARN_UNGUARDED_AVAILABILITY = YES_AGGRESSIVE;
				CLANG_WARN_UNREACHABLE_CODE = YES;
				CLANG_WARN__DUPLICATE_METHOD_MATCH = YES;
				COPY_PHASE_STRIP = NO;
				DEBUG_INFORMATION_FORMAT = "dwarf-with-dsym";
				ENABLE_NS_ASSERTIONS = NO;
				ENABLE_STRICT_OBJC_MSGSEND = YES;
				GCC_C_LANGUAGE_STANDARD = gnu11;
				GCC_NO_COMMON_BLOCKS = YES;
				GCC_WARN_64_TO_32_BIT_CONVERSION = YES;
				GCC_WARN_ABOUT_RETURN_TYPE = YES_ERROR;
				GCC_WARN_UNDECLARED_SELECTOR = YES;
				GCC_WARN_UNINITIALIZED_AUTOS = YES_AGGRESSIVE;
				GCC_WARN_UNUSED_FUNCTION = YES;
				GCC_WARN_UNUSED_VARIABLE = YES;
				IPHONEOS_DEPLOYMENT_TARGET = 15.4;
				MTL_ENABLE_DEBUG_INFO = NO;
				MTL_FAST_MATH = YES;
				SDKROOT = iphoneos;
				SWIFT_COMPILATION_MODE = wholemodule;
				SWIFT_OPTIMIZATION_LEVEL = "-O";
				VALIDATE_PRODUCT = YES;
			};
			name = Release;
		};
		9FF4FD5D28CB8683009B78B9 /* Debug */ = {
			isa = XCBuildConfiguration;
			baseConfigurationReference = 9DC0072AC47368A5609B0C0E /* Pods-FirebaseMessenger.debug.xcconfig */;
			buildSettings = {
				ASSETCATALOG_COMPILER_APPICON_NAME = AppIcon;
				ASSETCATALOG_COMPILER_GLOBAL_ACCENT_COLOR_NAME = AccentColor;
				CODE_SIGN_STYLE = Automatic;
				CURRENT_PROJECT_VERSION = 1;
				GENERATE_INFOPLIST_FILE = YES;
				INFOPLIST_FILE = FirebaseMessenger/Info.plist;
				INFOPLIST_KEY_UIApplicationSupportsIndirectInputEvents = YES;
				INFOPLIST_KEY_UILaunchStoryboardName = LaunchScreen;
				INFOPLIST_KEY_UIMainStoryboardFile = Main;
				INFOPLIST_KEY_UISupportedInterfaceOrientations_iPad = "UIInterfaceOrientationPortrait UIInterfaceOrientationPortraitUpsideDown UIInterfaceOrientationLandscapeLeft UIInterfaceOrientationLandscapeRight";
				INFOPLIST_KEY_UISupportedInterfaceOrientations_iPhone = "UIInterfaceOrientationPortrait UIInterfaceOrientationLandscapeLeft UIInterfaceOrientationLandscapeRight";
				LD_RUNPATH_SEARCH_PATHS = (
					"$(inherited)",
					"@executable_path/Frameworks",
				);
				MARKETING_VERSION = 1.0;
				PRODUCT_BUNDLE_IDENTIFIER = com.leticiamarques.FirebaseMessenger;
				PRODUCT_NAME = "$(TARGET_NAME)";
				SWIFT_EMIT_LOC_STRINGS = YES;
				SWIFT_VERSION = 5.0;
				TARGETED_DEVICE_FAMILY = "1,2";
			};
			name = Debug;
		};
		9FF4FD5E28CB8683009B78B9 /* Release */ = {
			isa = XCBuildConfiguration;
			baseConfigurationReference = 340363E3A420AA899E9F165B /* Pods-FirebaseMessenger.release.xcconfig */;
			buildSettings = {
				ASSETCATALOG_COMPILER_APPICON_NAME = AppIcon;
				ASSETCATALOG_COMPILER_GLOBAL_ACCENT_COLOR_NAME = AccentColor;
				CODE_SIGN_STYLE = Automatic;
				CURRENT_PROJECT_VERSION = 1;
				GENERATE_INFOPLIST_FILE = YES;
				INFOPLIST_FILE = FirebaseMessenger/Info.plist;
				INFOPLIST_KEY_UIApplicationSupportsIndirectInputEvents = YES;
				INFOPLIST_KEY_UILaunchStoryboardName = LaunchScreen;
				INFOPLIST_KEY_UIMainStoryboardFile = Main;
				INFOPLIST_KEY_UISupportedInterfaceOrientations_iPad = "UIInterfaceOrientationPortrait UIInterfaceOrientationPortraitUpsideDown UIInterfaceOrientationLandscapeLeft UIInterfaceOrientationLandscapeRight";
				INFOPLIST_KEY_UISupportedInterfaceOrientations_iPhone = "UIInterfaceOrientationPortrait UIInterfaceOrientationLandscapeLeft UIInterfaceOrientationLandscapeRight";
				LD_RUNPATH_SEARCH_PATHS = (
					"$(inherited)",
					"@executable_path/Frameworks",
				);
				MARKETING_VERSION = 1.0;
				PRODUCT_BUNDLE_IDENTIFIER = com.leticiamarques.FirebaseMessenger;
				PRODUCT_NAME = "$(TARGET_NAME)";
				SWIFT_EMIT_LOC_STRINGS = YES;
				SWIFT_VERSION = 5.0;
				TARGETED_DEVICE_FAMILY = "1,2";
			};
			name = Release;
		};
/* End XCBuildConfiguration section */

/* Begin XCConfigurationList section */
		9FF4FD4328CB867D009B78B9 /* Build configuration list for PBXProject "FirebaseMessenger" */ = {
			isa = XCConfigurationList;
			buildConfigurations = (
				9FF4FD5A28CB8683009B78B9 /* Debug */,
				9FF4FD5B28CB8683009B78B9 /* Release */,
			);
			defaultConfigurationIsVisible = 0;
			defaultConfigurationName = Release;
		};
		9FF4FD5C28CB8683009B78B9 /* Build configuration list for PBXNativeTarget "FirebaseMessenger" */ = {
			isa = XCConfigurationList;
			buildConfigurations = (
				9FF4FD5D28CB8683009B78B9 /* Debug */,
				9FF4FD5E28CB8683009B78B9 /* Release */,
			);
			defaultConfigurationIsVisible = 0;
			defaultConfigurationName = Release;
		};
/* End XCConfigurationList section */
	};
	rootObject = 9FF4FD4028CB867D009B78B9 /* Project object */;
}
